// !$*UTF8*$!
{
	archiveVersion = 1;
	classes = {
	};
	objectVersion = 46;
	objects = {

/* Begin PBXBuildFile section */
		967387B21B4512BE00CFCFEF /* main.m in Sources */ = {isa = PBXBuildFile; fileRef = 967387B11B4512BE00CFCFEF /* main.m */; };
		967387B51B4512BE00CFCFEF /* AppDelegate.m in Sources */ = {isa = PBXBuildFile; fileRef = 967387B41B4512BE00CFCFEF /* AppDelegate.m */; };
		967387B81B4512BE00CFCFEF /* HelloWord.xcdatamodeld in Sources */ = {isa = PBXBuildFile; fileRef = 967387B61B4512BE00CFCFEF /* HelloWord.xcdatamodeld */; };
		967387BB1B4512BE00CFCFEF /* ViewController.m in Sources */ = {isa = PBXBuildFile; fileRef = 967387BA1B4512BE00CFCFEF /* ViewController.m */; };
		967387BE1B4512BE00CFCFEF /* Main.storyboard in Resources */ = {isa = PBXBuildFile; fileRef = 967387BC1B4512BE00CFCFEF /* Main.storyboard */; };
		967387C01B4512BE00CFCFEF /* Images.xcassets in Resources */ = {isa = PBXBuildFile; fileRef = 967387BF1B4512BE00CFCFEF /* Images.xcassets */; };
		967387C31B4512BE00CFCFEF /* LaunchScreen.xib in Resources */ = {isa = PBXBuildFile; fileRef = 967387C11B4512BE00CFCFEF /* LaunchScreen.xib */; };
		967387CF1B4512BE00CFCFEF /* HelloWordTests.m in Sources */ = {isa = PBXBuildFile; fileRef = 967387CE1B4512BE00CFCFEF /* HelloWordTests.m */; };
/* End PBXBuildFile section */

/* Begin PBXContainerItemProxy section */
		967387C91B4512BE00CFCFEF /* PBXContainerItemProxy */ = {
			isa = PBXContainerItemProxy;
			containerPortal = 967387A41B4512BD00CFCFEF /* Project object */;
			proxyType = 1;
			remoteGlobalIDString = 967387AB1B4512BD00CFCFEF;
			remoteInfo = HelloWord;
		};
/* End PBXContainerItemProxy section */

/* Begin PBXFileReference section */
		967387AC1B4512BE00CFCFEF /* HelloWord.app */ = {isa = PBXFileReference; explicitFileType = wrapper.application; includeInIndex = 0; path = HelloWord.app; sourceTree = BUILT_PRODUCTS_DIR; };
		967387B01B4512BE00CFCFEF /* Info.plist */ = {isa = PBXFileReference; lastKnownFileType = text.plist.xml; path = Info.plist; sourceTree = "<group>"; };
		967387B11B4512BE00CFCFEF /* main.m */ = {isa = PBXFileReference; lastKnownFileType = sourcecode.c.objc; path = main.m; sourceTree = "<group>"; };
		967387B31B4512BE00CFCFEF /* AppDelegate.h */ = {isa = PBXFileReference; lastKnownFileType = sourcecode.c.h; path = AppDelegate.h; sourceTree = "<group>"; };
		967387B41B4512BE00CFCFEF /* AppDelegate.m */ = {isa = PBXFileReference; lastKnownFileType = sourcecode.c.objc; path = AppDelegate.m; sourceTree = "<group>"; };
		967387B71B4512BE00CFCFEF /* HelloWord.xcdatamodel */ = {isa = PBXFileReference; lastKnownFileType = wrapper.xcdatamodel; path = HelloWord.xcdatamodel; sourceTree = "<group>"; };
		967387B91B4512BE00CFCFEF /* ViewController.h */ = {isa = PBXFileReference; lastKnownFileType = sourcecode.c.h; path = ViewController.h; sourceTree = "<group>"; };
		967387BA1B4512BE00CFCFEF /* ViewController.m */ = {isa = PBXFileReference; lastKnownFileType = sourcecode.c.objc; path = ViewController.m; sourceTree = "<group>"; };
		967387BD1B4512BE00CFCFEF /* Base */ = {isa = PBXFileReference; lastKnownFileType = file.storyboard; name = Base; path = Base.lproj/Main.storyboard; sourceTree = "<group>"; };
		967387BF1B4512BE00CFCFEF /* Images.xcassets */ = {isa = PBXFileReference; lastKnownFileType = folder.assetcatalog; path = Images.xcassets; sourceTree = "<group>"; };
		967387C21B4512BE00CFCFEF /* Base */ = {isa = PBXFileReference; lastKnownFileType = file.xib; name = Base; path = Base.lproj/LaunchScreen.xib; sourceTree = "<group>"; };
		967387C81B4512BE00CFCFEF /* HelloWordTests.xctest */ = {isa = PBXFileReference; explicitFileType = wrapper.cfbundle; includeInIndex = 0; path = HelloWordTests.xctest; sourceTree = BUILT_PRODUCTS_DIR; };
		967387CD1B4512BE00CFCFEF /* Info.plist */ = {isa = PBXFileReference; lastKnownFileType = text.plist.xml; path = Info.plist; sourceTree = "<group>"; };
		967387CE1B4512BE00CFCFEF /* HelloWordTests.m */ = {isa = PBXFileReference; lastKnownFileType = sourcecode.c.objc; path = HelloWordTests.m; sourceTree = "<group>"; };
/* End PBXFileReference section */

/* Begin PBXFrameworksBuildPhase section */
		967387A91B4512BD00CFCFEF /* Frameworks */ = {
			isa = PBXFrameworksBuildPhase;
			buildActionMask = 2147483647;
			files = (
			);
			runOnlyForDeploymentPostprocessing = 0;
		};
		967387C51B4512BE00CFCFEF /* Frameworks */ = {
			isa = PBXFrameworksBuildPhase;
			buildActionMask = 2147483647;
			files = (
			);
			runOnlyForDeploymentPostprocessing = 0;
		};
/* End PBXFrameworksBuildPhase section */

/* Begin PBXGroup section */
		967387A31B4512BD00CFCFEF = {
			isa = PBXGroup;
			children = (
				967387AE1B4512BE00CFCFEF /* HelloWord */,
				967387CB1B4512BE00CFCFEF /* HelloWordTests */,
				967387AD1B4512BE00CFCFEF /* Products */,
			);
			sourceTree = "<group>";
		};
		967387AD1B4512BE00CFCFEF /* Products */ = {
			isa = PBXGroup;
			children = (
				967387AC1B4512BE00CFCFEF /* HelloWord.app */,
				967387C81B4512BE00CFCFEF /* HelloWordTests.xctest */,
			);
			name = Products;
			sourceTree = "<group>";
		};
		967387AE1B4512BE00CFCFEF /* HelloWord */ = {
			isa = PBXGroup;
			children = (
				967387B31B4512BE00CFCFEF /* AppDelegate.h */,
				967387B41B4512BE00CFCFEF /* AppDelegate.m */,
				967387B91B4512BE00CFCFEF /* ViewController.h */,
				967387BA1B4512BE00CFCFEF /* ViewController.m */,
				967387BC1B4512BE00CFCFEF /* Main.storyboard */,
				967387BF1B4512BE00CFCFEF /* Images.xcassets */,
				967387C11B4512BE00CFCFEF /* LaunchScreen.xib */,
				967387B61B4512BE00CFCFEF /* HelloWord.xcdatamodeld */,
				967387AF1B4512BE00CFCFEF /* Supporting Files */,
			);
			path = HelloWord;
			sourceTree = "<group>";
		};
		967387AF1B4512BE00CFCFEF /* Supporting Files */ = {
			isa = PBXGroup;
			children = (
				967387B01B4512BE00CFCFEF /* Info.plist */,
				967387B11B4512BE00CFCFEF /* main.m */,
			);
			name = "Supporting Files";
			sourceTree = "<group>";
		};
		967387CB1B4512BE00CFCFEF /* HelloWordTests */ = {
			isa = PBXGroup;
			children = (
				967387CE1B4512BE00CFCFEF /* HelloWordTests.m */,
				967387CC1B4512BE00CFCFEF /* Supporting Files */,
			);
			path = HelloWordTests;
			sourceTree = "<group>";
		};
		967387CC1B4512BE00CFCFEF /* Supporting Files */ = {
			isa = PBXGroup;
			children = (
				967387CD1B4512BE00CFCFEF /* Info.plist */,
			);
			name = "Supporting Files";
			sourceTree = "<group>";
		};
/* End PBXGroup section */

/* Begin PBXNativeTarget section */
		967387AB1B4512BD00CFCFEF /* HelloWord */ = {
			isa = PBXNativeTarget;
			buildConfigurationList = 967387D21B4512BE00CFCFEF /* Build configuration list for PBXNativeTarget "HelloWord" */;
			buildPhases = (
				967387A81B4512BD00CFCFEF /* Sources */,
				967387A91B4512BD00CFCFEF /* Frameworks */,
				967387AA1B4512BD00CFCFEF /* Resources */,
			);
			buildRules = (
			);
			dependencies = (
			);
			name = HelloWord;
			productName = HelloWord;
			productReference = 967387AC1B4512BE00CFCFEF /* HelloWord.app */;
			productType = "com.apple.product-type.application";
		};
		967387C71B4512BE00CFCFEF /* HelloWordTests */ = {
			isa = PBXNativeTarget;
			buildConfigurationList = 967387D51B4512BE00CFCFEF /* Build configuration list for PBXNativeTarget "HelloWordTests" */;
			buildPhases = (
				967387C41B4512BE00CFCFEF /* Sources */,
				967387C51B4512BE00CFCFEF /* Frameworks */,
				967387C61B4512BE00CFCFEF /* Resources */,
			);
			buildRules = (
			);
			dependencies = (
				967387CA1B4512BE00CFCFEF /* PBXTargetDependency */,
			);
			name = HelloWordTests;
			productName = HelloWordTests;
			productReference = 967387C81B4512BE00CFCFEF /* HelloWordTests.xctest */;
			productType = "com.apple.product-type.bundle.unit-test";
		};
/* End PBXNativeTarget section */

/* Begin PBXProject section */
		967387A41B4512BD00CFCFEF /* Project object */ = {
			isa = PBXProject;
			attributes = {
				LastUpgradeCheck = 0640;
				ORGANIZATIONNAME = skyclass;
				TargetAttributes = {
					967387AB1B4512BD00CFCFEF = {
						CreatedOnToolsVersion = 6.4;
						DevelopmentTeam = T7UCJYJ488;
					};
					967387C71B4512BE00CFCFEF = {
						CreatedOnToolsVersion = 6.4;
						TestTargetID = 967387AB1B4512BD00CFCFEF;
					};
				};
			};
			buildConfigurationList = 967387A71B4512BD00CFCFEF /* Build configuration list for PBXProject "HelloWord" */;
			compatibilityVersion = "Xcode 3.2";
			developmentRegion = English;
			hasScannedForEncodings = 0;
			knownRegions = (
				en,
				Base,
			);
			mainGroup = 967387A31B4512BD00CFCFEF;
			productRefGroup = 967387AD1B4512BE00CFCFEF /* Products */;
			projectDirPath = "";
			projectRoot = "";
			targets = (
				967387AB1B4512BD00CFCFEF /* HelloWord */,
				967387C71B4512BE00CFCFEF /* HelloWordTests */,
			);
		};
/* End PBXProject section */

/* Begin PBXResourcesBuildPhase section */
		967387AA1B4512BD00CFCFEF /* Resources */ = {
			isa = PBXResourcesBuildPhase;
			buildActionMask = 2147483647;
			files = (
				967387BE1B4512BE00CFCFEF /* Main.storyboard in Resources */,
				967387C31B4512BE00CFCFEF /* LaunchScreen.xib in Resources */,
				967387C01B4512BE00CFCFEF /* Images.xcassets in Resources */,
			);
			runOnlyForDeploymentPostprocessing = 0;
		};
		967387C61B4512BE00CFCFEF /* Resources */ = {
			isa = PBXResourcesBuildPhase;
			buildActionMask = 2147483647;
			files = (
			);
			runOnlyForDeploymentPostprocessing = 0;
		};
/* End PBXResourcesBuildPhase section */

/* Begin PBXSourcesBuildPhase section */
		967387A81B4512BD00CFCFEF /* Sources */ = {
			isa = PBXSourcesBuildPhase;
			buildActionMask = 2147483647;
			files = (
				967387B51B4512BE00CFCFEF /* AppDelegate.m in Sources */,
				967387B81B4512BE00CFCFEF /* HelloWord.xcdatamodeld in Sources */,
				967387BB1B4512BE00CFCFEF /* ViewController.m in Sources */,
				967387B21B4512BE00CFCFEF /* main.m in Sources */,
			);
			runOnlyForDeploymentPostprocessing = 0;
		};
		967387C41B4512BE00CFCFEF /* Sources */ = {
			isa = PBXSourcesBuildPhase;
			buildActionMask = 2147483647;
			files = (
				967387CF1B4512BE00CFCFEF /* HelloWordTests.m in Sources */,
			);
			runOnlyForDeploymentPostprocessing = 0;
		};
/* End PBXSourcesBuildPhase section */

/* Begin PBXTargetDependency section */
		967387CA1B4512BE00CFCFEF /* PBXTargetDependency */ = {
			isa = PBXTargetDependency;
			target = 967387AB1B4512BD00CFCFEF /* HelloWord */;
			targetProxy = 967387C91B4512BE00CFCFEF /* PBXContainerItemProxy */;
		};
/* End PBXTargetDependency section */

/* Begin PBXVariantGroup section */
		967387BC1B4512BE00CFCFEF /* Main.storyboard */ = {
			isa = PBXVariantGroup;
			children = (
				967387BD1B4512BE00CFCFEF /* Base */,
			);
			name = Main.storyboard;
			sourceTree = "<group>";
		};
		967387C11B4512BE00CFCFEF /* LaunchScreen.xib */ = {
			isa = PBXVariantGroup;
			children = (
				967387C21B4512BE00CFCFEF /* Base */,
			);
			name = LaunchScreen.xib;
			sourceTree = "<group>";
		};
/* End PBXVariantGroup section */

/* Begin XCBuildConfiguration section */
		967387D01B4512BE00CFCFEF /* Debug */ = {
			isa = XCBuildConfiguration;
			buildSettings = {
				ALWAYS_SEARCH_USER_PATHS = NO;
				CLANG_CXX_LANGUAGE_STANDARD = "gnu++0x";
				CLANG_CXX_LIBRARY = "libc++";
				CLANG_ENABLE_MODULES = YES;
				CLANG_ENABLE_OBJC_ARC = YES;
				CLANG_WARN_BOOL_CONVERSION = YES;
				CLANG_WARN_CONSTANT_CONVERSION = YES;
				CLANG_WARN_DIRECT_OBJC_ISA_USAGE = YES_ERROR;
				CLANG_WARN_EMPTY_BODY = YES;
				CLANG_WARN_ENUM_CONVERSION = YES;
				CLANG_WARN_INT_CONVERSION = YES;
				CLANG_WARN_OBJC_ROOT_CLASS = YES_ERROR;
				CLANG_WARN_UNREACHABLE_CODE = YES;
				CLANG_WARN__DUPLICATE_METHOD_MATCH = YES;
				"CODE_SIGN_IDENTITY[sdk=iphoneos*]" = "iPhone Developer";
				COPY_PHASE_STRIP = NO;
				DEBUG_INFORMATION_FORMAT = "dwarf-with-dsym";
				ENABLE_STRICT_OBJC_MSGSEND = YES;
				GCC_C_LANGUAGE_STANDARD = gnu99;
				GCC_DYNAMIC_NO_PIC = NO;
				GCC_NO_COMMON_BLOCKS = YES;
				GCC_OPTIMIZATION_LEVEL = 0;
				GCC_PREPROCESSOR_DEFINITIONS = (
					"DEBUG=1",
					"$(inherited)",
				);
				GCC_SYMBOLS_PRIVATE_EXTERN = NO;
				GCC_WARN_64_TO_32_BIT_CONVERSION = YES;
				GCC_WARN_ABOUT_RETURN_TYPE = YES_ERROR;
				GCC_WARN_UNDECLARED_SELECTOR = YES;
				GCC_WARN_UNINITIALIZED_AUTOS = YES_AGGRESSIVE;
				GCC_WARN_UNUSED_FUNCTION = YES;
				GCC_WARN_UNUSED_VARIABLE = YES;
				IPHONEOS_DEPLOYMENT_TARGET = 8.4;
				MTL_ENABLE_DEBUG_INFO = YES;
				ONLY_ACTIVE_ARCH = YES;
				SDKROOT = iphoneos;
				TARGETED_DEVICE_FAMILY = "1,2";
			};
			name = Debug;
		};
		967387D11B4512BE00CFCFEF /* Release */ = {
			isa = XCBuildConfiguration;
			buildSettings = {
				ALWAYS_SEARCH_USER_PATHS = NO;
				CLANG_CXX_LANGUAGE_STANDARD = "gnu++0x";
				CLANG_CXX_LIBRARY = "libc++";
				CLANG_ENABLE_MODULES = YES;
				CLANG_ENABLE_OBJC_ARC = YES;
				CLANG_WARN_BOOL_CONVERSION = YES;
				CLANG_WARN_CONSTANT_CONVERSION = YES;
				CLANG_WARN_DIRECT_OBJC_ISA_USAGE = YES_ERROR;
				CLANG_WARN_EMPTY_BODY = YES;
				CLANG_WARN_ENUM_CONVERSION = YES;
				CLANG_WARN_INT_CONVERSION = YES;
				CLANG_WARN_OBJC_ROOT_CLASS = YES_ERROR;
				CLANG_WARN_UNREACHABLE_CODE = YES;
				CLANG_WARN__DUPLICATE_METHOD_MATCH = YES;
				"CODE_SIGN_IDENTITY[sdk=iphoneos*]" = "iPhone Developer";
				COPY_PHASE_STRIP = NO;
				DEBUG_INFORMATION_FORMAT = "dwarf-with-dsym";
				ENABLE_NS_ASSERTIONS = NO;
				ENABLE_STRICT_OBJC_MSGSEND = YES;
				GCC_C_LANGUAGE_STANDARD = gnu99;
				GCC_NO_COMMON_BLOCKS = YES;
				GCC_WARN_64_TO_32_BIT_CONVERSION = YES;
				GCC_WARN_ABOUT_RETURN_TYPE = YES_ERROR;
				GCC_WARN_UNDECLARED_SELECTOR = YES;
				GCC_WARN_UNINITIALIZED_AUTOS = YES_AGGRESSIVE;
				GCC_WARN_UNUSED_FUNCTION = YES;
				GCC_WARN_UNUSED_VARIABLE = YES;
				IPHONEOS_DEPLOYMENT_TARGET = 8.4;
				MTL_ENABLE_DEBUG_INFO = NO;
				SDKROOT = iphoneos;
				TARGETED_DEVICE_FAMILY = "1,2";
				VALIDATE_PRODUCT = YES;
			};
			name = Release;
		};
		967387D31B4512BE00CFCFEF /* Debug */ = {
			isa = XCBuildConfiguration;
			buildSettings = {
				ASSETCATALOG_COMPILER_APPICON_NAME = AppIcon;
				CODE_SIGN_IDENTITY = "iPhone Developer";
				"CODE_SIGN_IDENTITY[sdk=iphoneos*]" = "iPhone Developer";
				INFOPLIST_FILE = HelloWord/Info.plist;
				IPHONEOS_DEPLOYMENT_TARGET = 7.0;
				LD_RUNPATH_SEARCH_PATHS = "$(inherited) @executable_path/Frameworks";
				PRODUCT_NAME = "$(TARGET_NAME)";
				PROVISIONING_PROFILE = "";
			};
			name = Debug;
		};
		967387D41B4512BE00CFCFEF /* Release */ = {
			isa = XCBuildConfiguration;
			buildSettings = {
				ASSETCATALOG_COMPILER_APPICON_NAME = AppIcon;
				CODE_SIGN_IDENTITY = "iPhone Developer";
				"CODE_SIGN_IDENTITY[sdk=iphoneos*]" = "iPhone Developer";
				INFOPLIST_FILE = HelloWord/Info.plist;
				IPHONEOS_DEPLOYMENT_TARGET = 7.0;
				LD_RUNPATH_SEARCH_PATHS = "$(inherited) @executable_path/Frameworks";
				PRODUCT_NAME = "$(TARGET_NAME)";
				PROVISIONING_PROFILE = "";
			};
			name = Release;
		};
		967387D61B4512BE00CFCFEF /* Debug */ = {
			isa = XCBuildConfiguration;
			buildSettings = {
				BUNDLE_LOADER = "$(TEST_HOST)";
				FRAMEWORK_SEARCH_PATHS = (
					"$(SDKROOT)/Developer/Library/Frameworks",
					"$(inherited)",
				);
				GCC_PREPROCESSOR_DEFINITIONS = (
					"DEBUG=1",
					"$(inherited)",
				);
				INFOPLIST_FILE = HelloWordTests/Info.plist;
				LD_RUNPATH_SEARCH_PATHS = "$(inherited) @executable_path/Frameworks @loader_path/Frameworks";
				PRODUCT_NAME = "$(TARGET_NAME)";
				TEST_HOST = "$(BUILT_PRODUCTS_DIR)/HelloWord.app/HelloWord";
			};
			name = Debug;
		};
		967387D71B4512BE00CFCFEF /* Release */ = {
			isa = XCBuildConfiguration;
			buildSettings = {
				BUNDLE_LOADER = "$(TEST_HOST)";
				FRAMEWORK_SEARCH_PATHS = (
					"$(SDKROOT)/Developer/Library/Frameworks",
					"$(inherited)",
				);
				INFOPLIST_FILE = HelloWordTests/Info.plist;
				LD_RUNPATH_SEARCH_PATHS = "$(inherited) @executable_path/Frameworks @loader_path/Frameworks";
				PRODUCT_NAME = "$(TARGET_NAME)";
				TEST_HOST = "$(BUILT_PRODUCTS_DIR)/HelloWord.app/HelloWord";
			};
			name = Release;
		};
/* End XCBuildConfiguration section */

/* Begin XCConfigurationList section */
		967387A71B4512BD00CFCFEF /* Build configuration list for PBXProject "HelloWord" */ = {
			isa = XCConfigurationList;
			buildConfigurations = (
				967387D01B4512BE00CFCFEF /* Debug */,
				967387D11B4512BE00CFCFEF /* Release */,
			);
			defaultConfigurationIsVisible = 0;
			defaultConfigurationName = Release;
		};
		967387D21B4512BE00CFCFEF /* Build configuration list for PBXNativeTarget "HelloWord" */ = {
			isa = XCConfigurationList;
			buildConfigurations = (
				967387D31B4512BE00CFCFEF /* Debug */,
				967387D41B4512BE00CFCFEF /* Release */,
			);
			defaultConfigurationIsVisible = 0;
		};
		967387D51B4512BE00CFCFEF /* Build configuration list for PBXNativeTarget "HelloWordTests" */ = {
			isa = XCConfigurationList;
			buildConfigurations = (
				967387D61B4512BE00CFCFEF /* Debug */,
				967387D71B4512BE00CFCFEF /* Release */,
			);
			defaultConfigurationIsVisible = 0;
		};
/* End XCConfigurationList section */

/* Begin XCVersionGroup section */
		967387B61B4512BE00CFCFEF /* HelloWord.xcdatamodeld */ = {
			isa = XCVersionGroup;
			children = (
				967387B71B4512BE00CFCFEF /* HelloWord.xcdatamodel */,
			);
			currentVersion = 967387B71B4512BE00CFCFEF /* HelloWord.xcdatamodel */;
			path = HelloWord.xcdatamodeld;
			sourceTree = "<group>";
			versionGroupType = wrapper.xcdatamodel;
		};
/* End XCVersionGroup section */
	};
	rootObject = 967387A41B4512BD00CFCFEF /* Project object */;
}
